
Microsoft Visual Studio Solution File, Format Version 12.00
# Visual Studio Version 17
VisualStudioVersion = 17.6.33712.159
MinimumVisualStudioVersion = 10.0.40219.1
Project("{8BC9CEB8-8B4A-11D0-8D11-00A0C91BC942}") = "24.11", "24.11\24.11.vcxproj", "{B8DF7CF6-AFFE-44F0-8CB1-0B7C9F0AB66D}"
EndProject
Project("{8BC9CEB8-8B4A-11D0-8D11-00A0C91BC942}") = "01", "01\01.vcxproj", "{8D3790BD-FE82-4F3D-886C-2C8FC4E7D45D}"
EndProject
Project("{8BC9CEB8-8B4A-11D0-8D11-00A0C91BC942}") = "02", "02\02.vcxproj", "{D51A8CD0-A15D-4CED-93D9-090588485204}"
EndProject
Project("{8BC9CEB8-8B4A-11D0-8D11-00A0C91BC942}") = "03", "03\03.vcxproj", "{067A180D-2D28-4AA2-9B53-757BA10B992F}"
EndProject
Project("{8BC9CEB8-8B4A-11D0-8D11-00A0C91BC942}") = "04", "04\04.vcxproj", "{DDC5A252-2954-4861-BE66-96A1AA720144}"
EndProject
Project("{8BC9CEB8-8B4A-11D0-8D11-00A0C91BC942}") = "05", "05\05.vcxproj", "{7850A307-6F91-4859-9AC2-458ECCC78362}"
EndProject
Project("{8BC9CEB8-8B4A-11D0-8D11-00A0C91BC942}") = "06", "06\06.vcxproj", "{FEDCD1DA-B3C3-4AF2-AF1F-18611EF21F62}"
EndProject
Project("{8BC9CEB8-8B4A-11D0-8D11-00A0C91BC942}") = "07", "07\07.vcxproj", "{AD7EB0ED-0851-49FD-B5B8-2D5D69F453C8}"
EndProject
Project("{8BC9CEB8-8B4A-11D0-8D11-00A0C91BC942}") = "08", "08\08.vcxproj", "{24B2500B-411A-4597-B6DF-EEF784A6AA5F}"
EndProject
Project("{8BC9CEB8-8B4A-11D0-8D11-00A0C91BC942}") = "09", "09\09.vcxproj", "{5FDC0A80-F924-4E69-8871-EEADAEB7ACEF}"
EndProject
Project("{8BC9CEB8-8B4A-11D0-8D11-00A0C91BC942}") = "10", "10\10.vcxproj", "{1E567B97-36BE-4304-8DB1-D38256DBEF8B}"
EndProject
Project("{8BC9CEB8-8B4A-11D0-8D11-00A0C91BC942}") = "A01", "A01\A01.vcxproj", "{726ACCD1-7674-436C-8EC9-7B3B96FC1F8A}"
EndProject
Project("{8BC9CEB8-8B4A-11D0-8D11-00A0C91BC942}") = "A02", "A02\A02.vcxproj", "{4B002259-94A4-4202-9536-D9A37B34557C}"
EndProject
Global
	GlobalSection(SolutionConfigurationPlatforms) = preSolution
		Debug|x64 = Debug|x64
		Debug|x86 = Debug|x86
		Release|x64 = Release|x64
		Release|x86 = Release|x86
	EndGlobalSection
	GlobalSection(ProjectConfigurationPlatforms) = postSolution
		{B8DF7CF6-AFFE-44F0-8CB1-0B7C9F0AB66D}.Debug|x64.ActiveCfg = Debug|x64
		{B8DF7CF6-AFFE-44F0-8CB1-0B7C9F0AB66D}.Debug|x64.Build.0 = Debug|x64
		{B8DF7CF6-AFFE-44F0-8CB1-0B7C9F0AB66D}.Debug|x86.ActiveCfg = Debug|Win32
		{B8DF7CF6-AFFE-44F0-8CB1-0B7C9F0AB66D}.Debug|x86.Build.0 = Debug|Win32
		{B8DF7CF6-AFFE-44F0-8CB1-0B7C9F0AB66D}.Release|x64.ActiveCfg = Release|x64
		{B8DF7CF6-AFFE-44F0-8CB1-0B7C9F0AB66D}.Release|x64.Build.0 = Release|x64
		{B8DF7CF6-AFFE-44F0-8CB1-0B7C9F0AB66D}.Release|x86.ActiveCfg = Release|Win32
		{B8DF7CF6-AFFE-44F0-8CB1-0B7C9F0AB66D}.Release|x86.Build.0 = Release|Win32
		{8D3790BD-FE82-4F3D-886C-2C8FC4E7D45D}.Debug|x64.ActiveCfg = Debug|x64
		{8D3790BD-FE82-4F3D-886C-2C8FC4E7D45D}.Debug|x64.Build.0 = Debug|x64
		{8D3790BD-FE82-4F3D-886C-2C8FC4E7D45D}.Debug|x86.ActiveCfg = Debug|Win32
		{8D3790BD-FE82-4F3D-886C-2C8FC4E7D45D}.Debug|x86.Build.0 = Debug|Win32
		{8D3790BD-FE82-4F3D-886C-2C8FC4E7D45D}.Release|x64.ActiveCfg = Release|x64
		{8D3790BD-FE82-4F3D-886C-2C8FC4E7D45D}.Release|x64.Build.0 = Release|x64
		{8D3790BD-FE82-4F3D-886C-2C8FC4E7D45D}.Release|x86.ActiveCfg = Release|Win32
		{8D3790BD-FE82-4F3D-886C-2C8FC4E7D45D}.Release|x86.Build.0 = Release|Win32
		{D51A8CD0-A15D-4CED-93D9-090588485204}.Debug|x64.ActiveCfg = Debug|x64
		{D51A8CD0-A15D-4CED-93D9-090588485204}.Debug|x64.Build.0 = Debug|x64
		{D51A8CD0-A15D-4CED-93D9-090588485204}.Debug|x86.ActiveCfg = Debug|Win32
		{D51A8CD0-A15D-4CED-93D9-090588485204}.Debug|x86.Build.0 = Debug|Win32
		{D51A8CD0-A15D-4CED-93D9-090588485204}.Release|x64.ActiveCfg = Release|x64
		{D51A8CD0-A15D-4CED-93D9-090588485204}.Release|x64.Build.0 = Release|x64
		{D51A8CD0-A15D-4CED-93D9-090588485204}.Release|x86.ActiveCfg = Release|Win32
		{D51A8CD0-A15D-4CED-93D9-090588485204}.Release|x86.Build.0 = Release|Win32
		{067A180D-2D28-4AA2-9B53-757BA10B992F}.Debug|x64.ActiveCfg = Debug|x64
		{067A180D-2D28-4AA2-9B53-757BA10B992F}.Debug|x64.Build.0 = Debug|x64
		{067A180D-2D28-4AA2-9B53-757BA10B992F}.Debug|x86.ActiveCfg = Debug|Win32
		{067A180D-2D28-4AA2-9B53-757BA10B992F}.Debug|x86.Build.0 = Debug|Win32
		{067A180D-2D28-4AA2-9B53-757BA10B992F}.Release|x64.ActiveCfg = Release|x64
		{067A180D-2D28-4AA2-9B53-757BA10B992F}.Release|x64.Build.0 = Release|x64
		{067A180D-2D28-4AA2-9B53-757BA10B992F}.Release|x86.ActiveCfg = Release|Win32
		{067A180D-2D28-4AA2-9B53-757BA10B992F}.Release|x86.Build.0 = Release|Win32
		{DDC5A252-2954-4861-BE66-96A1AA720144}.Debug|x64.ActiveCfg = Debug|x64
		{DDC5A252-2954-4861-BE66-96A1AA720144}.Debug|x64.Build.0 = Debug|x64
		{DDC5A252-2954-4861-BE66-96A1AA720144}.Debug|x86.ActiveCfg = Debug|Win32
		{DDC5A252-2954-4861-BE66-96A1AA720144}.Debug|x86.Build.0 = Debug|Win32
		{DDC5A252-2954-4861-BE66-96A1AA720144}.Release|x64.ActiveCfg = Release|x64
		{DDC5A252-2954-4861-BE66-96A1AA720144}.Release|x64.Build.0 = Release|x64
		{DDC5A252-2954-4861-BE66-96A1AA720144}.Release|x86.ActiveCfg = Release|Win32
		{DDC5A252-2954-4861-BE66-96A1AA720144}.Release|x86.Build.0 = Release|Win32
		{7850A307-6F91-4859-9AC2-458ECCC78362}.Debug|x64.ActiveCfg = Debug|x64
		{7850A307-6F91-4859-9AC2-458ECCC78362}.Debug|x64.Build.0 = Debug|x64
		{7850A307-6F91-4859-9AC2-458ECCC78362}.Debug|x86.ActiveCfg = Debug|Win32
		{7850A307-6F91-4859-9AC2-458ECCC78362}.Debug|x86.Build.0 = Debug|Win32
		{7850A307-6F91-4859-9AC2-458ECCC78362}.Release|x64.ActiveCfg = Release|x64
		{7850A307-6F91-4859-9AC2-458ECCC78362}.Release|x64.Build.0 = Release|x64
		{7850A307-6F91-4859-9AC2-458ECCC78362}.Release|x86.ActiveCfg = Release|Win32
		{7850A307-6F91-4859-9AC2-458ECCC78362}.Release|x86.Build.0 = Release|Win32
		{FEDCD1DA-B3C3-4AF2-AF1F-18611EF21F62}.Debug|x64.ActiveCfg = Debug|x64
		{FEDCD1DA-B3C3-4AF2-AF1F-18611EF21F62}.Debug|x64.Build.0 = Debug|x64
		{FEDCD1DA-B3C3-4AF2-AF1F-18611EF21F62}.Debug|x86.ActiveCfg = Debug|Win32
		{FEDCD1DA-B3C3-4AF2-AF1F-18611EF21F62}.Debug|x86.Build.0 = Debug|Win32
		{FEDCD1DA-B3C3-4AF2-AF1F-18611EF21F62}.Release|x64.ActiveCfg = Release|x64
		{FEDCD1DA-B3C3-4AF2-AF1F-18611EF21F62}.Release|x64.Build.0 = Release|x64
		{FEDCD1DA-B3C3-4AF2-AF1F-18611EF21F62}.Release|x86.ActiveCfg = Release|Win32
		{FEDCD1DA-B3C3-4AF2-AF1F-18611EF21F62}.Release|x86.Build.0 = Release|Win32
		{AD7EB0ED-0851-49FD-B5B8-2D5D69F453C8}.Debug|x64.ActiveCfg = Debug|x64
		{AD7EB0ED-0851-49FD-B5B8-2D5D69F453C8}.Debug|x64.Build.0 = Debug|x64
		{AD7EB0ED-0851-49FD-B5B8-2D5D69F453C8}.Debug|x86.ActiveCfg = Debug|Win32
		{AD7EB0ED-0851-49FD-B5B8-2D5D69F453C8}.Debug|x86.Build.0 = Debug|Win32
		{AD7EB0ED-0851-49FD-B5B8-2D5D69F453C8}.Release|x64.ActiveCfg = Release|x64
		{AD7EB0ED-0851-49FD-B5B8-2D5D69F453C8}.Release|x64.Build.0 = Release|x64
		{AD7EB0ED-0851-49FD-B5B8-2D5D69F453C8}.Release|x86.ActiveCfg = Release|Win32
		{AD7EB0ED-0851-49FD-B5B8-2D5D69F453C8}.Release|x86.Build.0 = Release|Win32
		{24B2500B-411A-4597-B6DF-EEF784A6AA5F}.Debug|x64.ActiveCfg = Debug|x64
		{24B2500B-411A-4597-B6DF-EEF784A6AA5F}.Debug|x64.Build.0 = Debug|x64
		{24B2500B-411A-4597-B6DF-EEF784A6AA5F}.Debug|x86.ActiveCfg = Debug|Win32
		{24B2500B-411A-4597-B6DF-EEF784A6AA5F}.Debug|x86.Build.0 = Debug|Win32
		{24B2500B-411A-4597-B6DF-EEF784A6AA5F}.Release|x64.ActiveCfg = Release|x64
		{24B2500B-411A-4597-B6DF-EEF784A6AA5F}.Release|x64.Build.0 = Release|x64
		{24B2500B-411A-4597-B6DF-EEF784A6AA5F}.Release|x86.ActiveCfg = Release|Win32
		{24B2500B-411A-4597-B6DF-EEF784A6AA5F}.Release|x86.Build.0 = Release|Win32
		{5FDC0A80-F924-4E69-8871-EEADAEB7ACEF}.Debug|x64.ActiveCfg = Debug|x64
		{5FDC0A80-F924-4E69-8871-EEADAEB7ACEF}.Debug|x64.Build.0 = Debug|x64
		{5FDC0A80-F924-4E69-8871-EEADAEB7ACEF}.Debug|x86.ActiveCfg = Debug|Win32
		{5FDC0A80-F924-4E69-8871-EEADAEB7ACEF}.Debug|x86.Build.0 = Debug|Win32
		{5FDC0A80-F924-4E69-8871-EEADAEB7ACEF}.Release|x64.ActiveCfg = Release|x64
		{5FDC0A80-F924-4E69-8871-EEADAEB7ACEF}.Release|x64.Build.0 = Release|x64
		{5FDC0A80-F924-4E69-8871-EEADAEB7ACEF}.Release|x86.ActiveCfg = Release|Win32
		{5FDC0A80-F924-4E69-8871-EEADAEB7ACEF}.Release|x86.Build.0 = Release|Win32
		{1E567B97-36BE-4304-8DB1-D38256DBEF8B}.Debug|x64.ActiveCfg = Debug|x64
		{1E567B97-36BE-4304-8DB1-D38256DBEF8B}.Debug|x64.Build.0 = Debug|x64
		{1E567B97-36BE-4304-8DB1-D38256DBEF8B}.Debug|x86.ActiveCfg = Debug|Win32
		{1E567B97-36BE-4304-8DB1-D38256DBEF8B}.Debug|x86.Build.0 = Debug|Win32
		{1E567B97-36BE-4304-8DB1-D38256DBEF8B}.Release|x64.ActiveCfg = Release|x64
		{1E567B97-36BE-4304-8DB1-D38256DBEF8B}.Release|x64.Build.0 = Release|x64
		{1E567B97-36BE-4304-8DB1-D38256DBEF8B}.Release|x86.ActiveCfg = Release|Win32
		{1E567B97-36BE-4304-8DB1-D38256DBEF8B}.Release|x86.Build.0 = Release|Win32
		{726ACCD1-7674-436C-8EC9-7B3B96FC1F8A}.Debug|x64.ActiveCfg = Debug|x64
		{726ACCD1-7674-436C-8EC9-7B3B96FC1F8A}.Debug|x64.Build.0 = Debug|x64
		{726ACCD1-7674-436C-8EC9-7B3B96FC1F8A}.Debug|x86.ActiveCfg = Debug|Win32
		{726ACCD1-7674-436C-8EC9-7B3B96FC1F8A}.Debug|x86.Build.0 = Debug|Win32
		{726ACCD1-7674-436C-8EC9-7B3B96FC1F8A}.Release|x64.ActiveCfg = Release|x64
		{726ACCD1-7674-436C-8EC9-7B3B96FC1F8A}.Release|x64.Build.0 = Release|x64
		{726ACCD1-7674-436C-8EC9-7B3B96FC1F8A}.Release|x86.ActiveCfg = Release|Win32
		{726ACCD1-7674-436C-8EC9-7B3B96FC1F8A}.Release|x86.Build.0 = Release|Win32
		{4B002259-94A4-4202-9536-D9A37B34557C}.Debug|x64.ActiveCfg = Debug|x64
		{4B002259-94A4-4202-9536-D9A37B34557C}.Debug|x64.Build.0 = Debug|x64
		{4B002259-94A4-4202-9536-D9A37B34557C}.Debug|x86.ActiveCfg = Debug|Win32
		{4B002259-94A4-4202-9536-D9A37B34557C}.Debug|x86.Build.0 = Debug|Win32
		{4B002259-94A4-4202-9536-D9A37B34557C}.Release|x64.ActiveCfg = Release|x64
		{4B002259-94A4-4202-9536-D9A37B34557C}.Release|x64.Build.0 = Release|x64
		{4B002259-94A4-4202-9536-D9A37B34557C}.Release|x86.ActiveCfg = Release|Win32
		{4B002259-94A4-4202-9536-D9A37B34557C}.Release|x86.Build.0 = Release|Win32
	EndGlobalSection
	GlobalSection(SolutionProperties) = preSolution
		HideSolutionNode = FALSE
	EndGlobalSection
	GlobalSection(ExtensibilityGlobals) = postSolution
		SolutionGuid = {9297F093-43BE-40C8-9022-28D13A966997}
	EndGlobalSection
EndGlobal
